
Microsoft Visual Studio Solution File, Format Version 12.00
# Visual Studio Version 16
VisualStudioVersion = 16.0.29613.14
MinimumVisualStudioVersion = 10.0.40219.1
Project("{FAE04EC0-301F-11D3-BF4B-00C04F79EFBC}") = "EX9", "EX9\EX9.csproj", "{9EE39ECA-0A6D-461E-BB1D-B56CE76D9F12}"
EndProject
Global
	GlobalSection(SolutionConfigurationPlatforms) = preSolution
		Debug|Any CPU = Debug|Any CPU
		Release|Any CPU = Release|Any CPU
	EndGlobalSection
	GlobalSection(ProjectConfigurationPlatforms) = postSolution
		{9EE39ECA-0A6D-461E-BB1D-B56CE76D9F12}.Debug|Any CPU.ActiveCfg = Debug|Any CPU
		{9EE39ECA-0A6D-461E-BB1D-B56CE76D9F12}.Debug|Any CPU.Build.0 = Debug|Any CPU
		{9EE39ECA-0A6D-461E-BB1D-B56CE76D9F12}.Release|Any CPU.ActiveCfg = Release|Any CPU
		{9EE39ECA-0A6D-461E-BB1D-B56CE76D9F12}.Release|Any CPU.Build.0 = Release|Any CPU
	EndGlobalSection
	GlobalSection(SolutionProperties) = preSolution
		HideSolutionNode = FALSE
	EndGlobalSection
	GlobalSection(ExtensibilityGlobals) = postSolution
		SolutionGuid = {8E563D89-C4D0-4285-8C98-6206A4BD63C1}
	EndGlobalSection
EndGlobal
