
Microsoft Visual Studio Solution File, Format Version 12.00
# Visual Studio Version 16
VisualStudioVersion = 16.0.29613.14
MinimumVisualStudioVersion = 10.0.40219.1
Project("{FAE04EC0-301F-11D3-BF4B-00C04F79EFBC}") = "ex10", "ex10\ex10.csproj", "{44CD1281-AFC7-4E27-9D40-A61EB7B4B912}"
EndProject
Global
	GlobalSection(SolutionConfigurationPlatforms) = preSolution
		Debug|Any CPU = Debug|Any CPU
		Release|Any CPU = Release|Any CPU
	EndGlobalSection
	GlobalSection(ProjectConfigurationPlatforms) = postSolution
		{44CD1281-AFC7-4E27-9D40-A61EB7B4B912}.Debug|Any CPU.ActiveCfg = Debug|Any CPU
		{44CD1281-AFC7-4E27-9D40-A61EB7B4B912}.Debug|Any CPU.Build.0 = Debug|Any CPU
		{44CD1281-AFC7-4E27-9D40-A61EB7B4B912}.Release|Any CPU.ActiveCfg = Release|Any CPU
		{44CD1281-AFC7-4E27-9D40-A61EB7B4B912}.Release|Any CPU.Build.0 = Release|Any CPU
	EndGlobalSection
	GlobalSection(SolutionProperties) = preSolution
		HideSolutionNode = FALSE
	EndGlobalSection
	GlobalSection(ExtensibilityGlobals) = postSolution
		SolutionGuid = {35C5FF66-7B4A-4D88-AF57-2A065CBC2897}
	EndGlobalSection
EndGlobal
